{"1.1.0",
[{<<"antidote_pb_codec">>,{pkg,<<"antidote_pb_codec">>,<<"0.0.5">>},1},
 {<<"antidotec_pb">>,{pkg,<<"antidotec_pb">>,<<"0.2.6">>},0},
 {<<"bear">>,
  {git,"git://github.com/boundary/bear.git",
       {ref,"b1882d7ee88e775d961a2678e4fafecef7f77705"}},
  1},
 {<<"casbench">>,
  {git,"git://github.com/basho/casbench",
       {ref,"95ed55b494551577870984aeb1e0f683631a326f"}},
  0},
 {<<"erlcql">>,
  {git,"git://github.com/rpt/erlcql.git",
       {ref,"df9fe457b8728211ea6bd5cfbe4245139655bcac"}},
  0},
 {<<"folsom">>,
  {git,"git://github.com/basho/folsom.git",
       {ref,"b58f9396e4c2275562baf49890ac058fe77ac1ce"}},
  0},
 {<<"getopt">>,
  {git,"git://github.com/jcomellas/getopt",
       {ref,"69b51ebf337f41906045a606a151d9578751e1ff"}},
  0},
 {<<"goldrush">>,{pkg,<<"goldrush">>,<<"0.1.9">>},1},
 {<<"ibrowse">>,
  {git,"git://github.com/cmullaparthi/ibrowse.git",
       {ref,"302c824a8ade766bcb99f83015ba4ee96b9be156"}},
  0},
 {<<"lager">>,{pkg,<<"lager">>,<<"3.7.0">>},0},
 {<<"lz4">>,
  {git,"https://github.com/szktty/erlang-lz4.git",
       {ref,"6bc5efe93bab327788bcde24374f16044b549dd8"}},
  1},
 {<<"meck">>,{pkg,<<"meck">>,<<"0.8.13">>},0},
 {<<"mochiweb">>,
  {git,"git://github.com/basho/mochiweb",
       {ref,"5e6e3e688dc9987a97e261431256e29671555c0b"}},
  0},
 {<<"proper">>,
  {git,"https://github.com/manopapad/proper.git",
       {ref,"e8ed3a1dad11dde135faf2dfe3c32ef9454ca9cc"}},
  1},
 {<<"rand_compat">>,
  {git,"https://github.com/lasp-lang/rand_compat.git",
       {ref,"caaaafdb74fda894d9ff5f7e9052a6d34bfdbe8d"}},
  0},
 {<<"snappy">>,
  {git,"https://github.com/rpt/snappy.git",
       {ref,"95ce8e8074ca4a514ba8396d7f14e5ec572a8e45"}},
  1},
 {<<"time_compat">>,
  {git,"https://github.com/lasp-lang/time_compat.git",
       {ref,"6007f68892104ebb6fa2366cebf9d928d8856273"}},
  0}]}.
[
{pkg_hash,[
 {<<"antidote_pb_codec">>, <<"139F291D7E4971DE3920E51D09BD10931AF957656ED6F7D9935B3EA059D88167">>},
 {<<"antidotec_pb">>, <<"00D7642039D439CAC2B5BBC577F4DACB03CCC9400DA86F3663A42CD615759F2D">>},
 {<<"goldrush">>, <<"F06E5D5F1277DA5C413E84D5A2924174182FB108DABB39D5EC548B27424CD106">>},
 {<<"lager">>, <<"563AB17CD32134A3DD17EC3B3622E6D8F827506AA4F8C489158879BED87D980B">>},
 {<<"meck">>, <<"FFEDB39F99B0B99703B8601C6F17C7F76313EE12DE6B646E671E3188401F7866">>}]}
].
