{"1.1.0",
[{<<"antidote_pb_codec">>,{pkg,<<"antidote_pb_codec">>,<<"0.1.1">>},1},
 {<<"antidotec_pb">>,{pkg,<<"antidotec_pb">>,<<"0.2.8">>},0},
 {<<"bear">>,{pkg,<<"bear">>,<<"0.8.7">>},0},
 {<<"folsom">>,{pkg,<<"folsom">>,<<"0.8.8">>},0},
 {<<"getopt">>,{pkg,<<"getopt">>,<<"1.0.1">>},0},
 {<<"ibrowse">>,{pkg,<<"ibrowse">>,<<"4.4.1">>},0},
 {<<"meck">>,{pkg,<<"meck">>,<<"0.8.13">>},0},
 {<<"mochiweb">>,{pkg,<<"mochiweb">>,<<"2.18.0">>},0}]}.
[
{pkg_hash,[
 {<<"antidote_pb_codec">>, <<"29891F77FB5DC8240495C425160EA152E9CA5753B7137E1866D9BA279F0F997B">>},
 {<<"antidotec_pb">>, <<"70350652AE269BC561DA6DCC54DB6A1CFF203E01686E735C1341EFD925DEE598">>},
 {<<"bear">>, <<"16264309AE5D005D03718A5C82641FCC259C9E8F09ADEB6FD79CA4271168656F">>},
 {<<"folsom">>, <<"9A2B02010F6727CB1948EF34E21CB66F3554B63355C3A31E8BCB10FB172C3170">>},
 {<<"getopt">>, <<"C73A9FA687B217F2FF79F68A3B637711BB1936E712B521D8CE466B29CBF7808A">>},
 {<<"ibrowse">>, <<"2B7D0637B0F8B9B4182DE4BD0F2E826A4DA2C9B04898B6E15659BA921A8D6EC2">>},
 {<<"meck">>, <<"FFEDB39F99B0B99703B8601C6F17C7F76313EE12DE6B646E671E3188401F7866">>},
 {<<"mochiweb">>, <<"EB55F1DB3E6E960FAC4E6DB4E2DB9EC3602CC9F30B86CD1481D56545C3145D2E">>}]}
].
